// !$*UTF8*$!
{
	archiveVersion = 1;
	classes = {
	};
	objectVersion = 56;
	objects = {

/* Begin PBXBuildFile section */
		3D7525372C8A907A003CFC83 /* AppDelegate.swift in Sources */ = {isa = PBXBuildFile; fileRef = 3D7525362C8A907A003CFC83 /* AppDelegate.swift */; };
		3D7525392C8A907A003CFC83 /* SceneDelegate.swift in Sources */ = {isa = PBXBuildFile; fileRef = 3D7525382C8A907A003CFC83 /* SceneDelegate.swift */; };
		3D7525402C8A907B003CFC83 /* Assets.xcassets in Resources */ = {isa = PBXBuildFile; fileRef = 3D75253F2C8A907B003CFC83 /* Assets.xcassets */; };
		3D7525432C8A907B003CFC83 /* Base in Resources */ = {isa = PBXBuildFile; fileRef = 3D7525422C8A907B003CFC83 /* Base */; };
		3D75254B2C8A9A36003CFC83 /* SearchViewController.swift in Sources */ = {isa = PBXBuildFile; fileRef = 3D75254A2C8A9A36003CFC83 /* SearchViewController.swift */; };
		3D75254D2C8A9A66003CFC83 /* FavoritesListViewController.swift in Sources */ = {isa = PBXBuildFile; fileRef = 3D75254C2C8A9A66003CFC83 /* FavoritesListViewController.swift */; };
		3D75254F2C8A9E51003CFC83 /* GitFollowerButton.swift in Sources */ = {isa = PBXBuildFile; fileRef = 3D75254E2C8A9E51003CFC83 /* GitFollowerButton.swift */; };
		3D7525512C8AA043003CFC83 /* GFTextField.swift in Sources */ = {isa = PBXBuildFile; fileRef = 3D7525502C8AA043003CFC83 /* GFTextField.swift */; };
		3D7525532C8BF18C003CFC83 /* FollowerListViewController.swift in Sources */ = {isa = PBXBuildFile; fileRef = 3D7525522C8BF18C003CFC83 /* FollowerListViewController.swift */; };
		3D7525552C8BF6E9003CFC83 /* GFTitleLabel.swift in Sources */ = {isa = PBXBuildFile; fileRef = 3D7525542C8BF6E9003CFC83 /* GFTitleLabel.swift */; };
		3D7525572C8BF802003CFC83 /* GFBodyLabel.swift in Sources */ = {isa = PBXBuildFile; fileRef = 3D7525562C8BF802003CFC83 /* GFBodyLabel.swift */; };
		3D7525592C8BF934003CFC83 /* GFAlertViewController.swift in Sources */ = {isa = PBXBuildFile; fileRef = 3D7525582C8BF934003CFC83 /* GFAlertViewController.swift */; };
		3D75255B2C8BFF8C003CFC83 /* UIViewController+Extension.swift in Sources */ = {isa = PBXBuildFile; fileRef = 3D75255A2C8BFF8C003CFC83 /* UIViewController+Extension.swift */; };
/* End PBXBuildFile section */

/* Begin PBXFileReference section */
		3D7525332C8A907A003CFC83 /* GitFollowers.app */ = {isa = PBXFileReference; explicitFileType = wrapper.application; includeInIndex = 0; path = GitFollowers.app; sourceTree = BUILT_PRODUCTS_DIR; };
		3D7525362C8A907A003CFC83 /* AppDelegate.swift */ = {isa = PBXFileReference; lastKnownFileType = sourcecode.swift; path = AppDelegate.swift; sourceTree = "<group>"; };
		3D7525382C8A907A003CFC83 /* SceneDelegate.swift */ = {isa = PBXFileReference; lastKnownFileType = sourcecode.swift; path = SceneDelegate.swift; sourceTree = "<group>"; };
		3D75253F2C8A907B003CFC83 /* Assets.xcassets */ = {isa = PBXFileReference; lastKnownFileType = folder.assetcatalog; path = Assets.xcassets; sourceTree = "<group>"; };
		3D7525422C8A907B003CFC83 /* Base */ = {isa = PBXFileReference; lastKnownFileType = file.storyboard; name = Base; path = Base.lproj/LaunchScreen.storyboard; sourceTree = "<group>"; };
		3D7525442C8A907B003CFC83 /* Info.plist */ = {isa = PBXFileReference; lastKnownFileType = text.plist.xml; path = Info.plist; sourceTree = "<group>"; };
		3D75254A2C8A9A36003CFC83 /* SearchViewController.swift */ = {isa = PBXFileReference; lastKnownFileType = sourcecode.swift; path = SearchViewController.swift; sourceTree = "<group>"; };
		3D75254C2C8A9A66003CFC83 /* FavoritesListViewController.swift */ = {isa = PBXFileReference; lastKnownFileType = sourcecode.swift; path = FavoritesListViewController.swift; sourceTree = "<group>"; };
		3D75254E2C8A9E51003CFC83 /* GitFollowerButton.swift */ = {isa = PBXFileReference; lastKnownFileType = sourcecode.swift; path = GitFollowerButton.swift; sourceTree = "<group>"; };
		3D7525502C8AA043003CFC83 /* GFTextField.swift */ = {isa = PBXFileReference; lastKnownFileType = sourcecode.swift; path = GFTextField.swift; sourceTree = "<group>"; };
		3D7525522C8BF18C003CFC83 /* FollowerListViewController.swift */ = {isa = PBXFileReference; lastKnownFileType = sourcecode.swift; path = FollowerListViewController.swift; sourceTree = "<group>"; };
		3D7525542C8BF6E9003CFC83 /* GFTitleLabel.swift */ = {isa = PBXFileReference; lastKnownFileType = sourcecode.swift; path = GFTitleLabel.swift; sourceTree = "<group>"; };
		3D7525562C8BF802003CFC83 /* GFBodyLabel.swift */ = {isa = PBXFileReference; lastKnownFileType = sourcecode.swift; path = GFBodyLabel.swift; sourceTree = "<group>"; };
		3D7525582C8BF934003CFC83 /* GFAlertViewController.swift */ = {isa = PBXFileReference; lastKnownFileType = sourcecode.swift; path = GFAlertViewController.swift; sourceTree = "<group>"; };
		3D75255A2C8BFF8C003CFC83 /* UIViewController+Extension.swift */ = {isa = PBXFileReference; lastKnownFileType = sourcecode.swift; path = "UIViewController+Extension.swift"; sourceTree = "<group>"; };
/* End PBXFileReference section */

/* Begin PBXFrameworksBuildPhase section */
		3D7525302C8A907A003CFC83 /* Frameworks */ = {
			isa = PBXFrameworksBuildPhase;
			buildActionMask = 2147483647;
			files = (
			);
			runOnlyForDeploymentPostprocessing = 0;
		};
/* End PBXFrameworksBuildPhase section */

/* Begin PBXGroup section */
		3D75252A2C8A907A003CFC83 = {
			isa = PBXGroup;
			children = (
				3D7525352C8A907A003CFC83 /* GitFollowers */,
				3D7525342C8A907A003CFC83 /* Products */,
			);
			sourceTree = "<group>";
		};
		3D7525342C8A907A003CFC83 /* Products */ = {
			isa = PBXGroup;
			children = (
				3D7525332C8A907A003CFC83 /* GitFollowers.app */,
			);
			name = Products;
			sourceTree = "<group>";
		};
		3D7525352C8A907A003CFC83 /* GitFollowers */ = {
			isa = PBXGroup;
			children = (
				3D7525362C8A907A003CFC83 /* AppDelegate.swift */,
				3D7525382C8A907A003CFC83 /* SceneDelegate.swift */,
				3D75253F2C8A907B003CFC83 /* Assets.xcassets */,
				3D7525412C8A907B003CFC83 /* LaunchScreen.storyboard */,
				3D7525442C8A907B003CFC83 /* Info.plist */,
				3D75254A2C8A9A36003CFC83 /* SearchViewController.swift */,
				3D75254C2C8A9A66003CFC83 /* FavoritesListViewController.swift */,
				3D75254E2C8A9E51003CFC83 /* GitFollowerButton.swift */,
				3D7525502C8AA043003CFC83 /* GFTextField.swift */,
				3D7525522C8BF18C003CFC83 /* FollowerListViewController.swift */,
				3D7525542C8BF6E9003CFC83 /* GFTitleLabel.swift */,
				3D7525562C8BF802003CFC83 /* GFBodyLabel.swift */,
				3D7525582C8BF934003CFC83 /* GFAlertViewController.swift */,
				3D75255A2C8BFF8C003CFC83 /* UIViewController+Extension.swift */,
			);
			path = GitFollowers;
			sourceTree = "<group>";
		};
/* End PBXGroup section */

/* Begin PBXNativeTarget section */
		3D7525322C8A907A003CFC83 /* GitFollowers */ = {
			isa = PBXNativeTarget;
			buildConfigurationList = 3D7525472C8A907B003CFC83 /* Build configuration list for PBXNativeTarget "GitFollowers" */;
			buildPhases = (
				3D75252F2C8A907A003CFC83 /* Sources */,
				3D7525302C8A907A003CFC83 /* Frameworks */,
				3D7525312C8A907A003CFC83 /* Resources */,
			);
			buildRules = (
			);
			dependencies = (
			);
			name = GitFollowers;
			productName = GitFollowers;
			productReference = 3D7525332C8A907A003CFC83 /* GitFollowers.app */;
			productType = "com.apple.product-type.application";
		};
/* End PBXNativeTarget section */

/* Begin PBXProject section */
		3D75252B2C8A907A003CFC83 /* Project object */ = {
			isa = PBXProject;
			attributes = {
				BuildIndependentTargetsInParallel = 1;
				LastSwiftUpdateCheck = 1540;
				LastUpgradeCheck = 1540;
				TargetAttributes = {
					3D7525322C8A907A003CFC83 = {
						CreatedOnToolsVersion = 15.4;
					};
				};
			};
			buildConfigurationList = 3D75252E2C8A907A003CFC83 /* Build configuration list for PBXProject "GitFollowers" */;
			compatibilityVersion = "Xcode 14.0";
			developmentRegion = en;
			hasScannedForEncodings = 0;
			knownRegions = (
				en,
				Base,
			);
			mainGroup = 3D75252A2C8A907A003CFC83;
			productRefGroup = 3D7525342C8A907A003CFC83 /* Products */;
			projectDirPath = "";
			projectRoot = "";
			targets = (
				3D7525322C8A907A003CFC83 /* GitFollowers */,
			);
		};
/* End PBXProject section */

/* Begin PBXResourcesBuildPhase section */
		3D7525312C8A907A003CFC83 /* Resources */ = {
			isa = PBXResourcesBuildPhase;
			buildActionMask = 2147483647;
			files = (
				3D7525402C8A907B003CFC83 /* Assets.xcassets in Resources */,
				3D7525432C8A907B003CFC83 /* Base in Resources */,
			);
			runOnlyForDeploymentPostprocessing = 0;
		};
/* End PBXResourcesBuildPhase section */

/* Begin PBXSourcesBuildPhase section */
		3D75252F2C8A907A003CFC83 /* Sources */ = {
			isa = PBXSourcesBuildPhase;
			buildActionMask = 2147483647;
			files = (
				3D7525592C8BF934003CFC83 /* GFAlertViewController.swift in Sources */,
				3D75255B2C8BFF8C003CFC83 /* UIViewController+Extension.swift in Sources */,
				3D7525512C8AA043003CFC83 /* GFTextField.swift in Sources */,
				3D75254F2C8A9E51003CFC83 /* GitFollowerButton.swift in Sources */,
				3D75254B2C8A9A36003CFC83 /* SearchViewController.swift in Sources */,
				3D7525532C8BF18C003CFC83 /* FollowerListViewController.swift in Sources */,
				3D7525572C8BF802003CFC83 /* GFBodyLabel.swift in Sources */,
				3D7525552C8BF6E9003CFC83 /* GFTitleLabel.swift in Sources */,
				3D7525372C8A907A003CFC83 /* AppDelegate.swift in Sources */,
				3D75254D2C8A9A66003CFC83 /* FavoritesListViewController.swift in Sources */,
				3D7525392C8A907A003CFC83 /* SceneDelegate.swift in Sources */,
			);
			runOnlyForDeploymentPostprocessing = 0;
		};
/* End PBXSourcesBuildPhase section */

/* Begin PBXVariantGroup section */
		3D7525412C8A907B003CFC83 /* LaunchScreen.storyboard */ = {
			isa = PBXVariantGroup;
			children = (
				3D7525422C8A907B003CFC83 /* Base */,
			);
			name = LaunchScreen.storyboard;
			sourceTree = "<group>";
		};
/* End PBXVariantGroup section */

/* Begin XCBuildConfiguration section */
		3D7525452C8A907B003CFC83 /* Debug */ = {
			isa = XCBuildConfiguration;
			buildSettings = {
				ALWAYS_SEARCH_USER_PATHS = NO;
				ASSETCATALOG_COMPILER_GENERATE_SWIFT_ASSET_SYMBOL_EXTENSIONS = YES;
				CLANG_ANALYZER_NONNULL = YES;
				CLANG_ANALYZER_NUMBER_OBJECT_CONVERSION = YES_AGGRESSIVE;
				CLANG_CXX_LANGUAGE_STANDARD = "gnu++20";
				CLANG_ENABLE_MODULES = YES;
				CLANG_ENABLE_OBJC_ARC = YES;
				CLANG_ENABLE_OBJC_WEAK = YES;
				CLANG_WARN_BLOCK_CAPTURE_AUTORELEASING = YES;
				CLANG_WARN_BOOL_CONVERSION = YES;
				CLANG_WARN_COMMA = YES;
				CLANG_WARN_CONSTANT_CONVERSION = YES;
				CLANG_WARN_DEPRECATED_OBJC_IMPLEMENTATIONS = YES;
				CLANG_WARN_DIRECT_OBJC_ISA_USAGE = YES_ERROR;
				CLANG_WARN_DOCUMENTATION_COMMENTS = YES;
				CLANG_WARN_EMPTY_BODY = YES;
				CLANG_WARN_ENUM_CONVERSION = YES;
				CLANG_WARN_INFINITE_RECURSION = YES;
				CLANG_WARN_INT_CONVERSION = YES;
				CLANG_WARN_NON_LITERAL_NULL_CONVERSION = YES;
				CLANG_WARN_OBJC_IMPLICIT_RETAIN_SELF = YES;
				CLANG_WARN_OBJC_LITERAL_CONVERSION = YES;
				CLANG_WARN_OBJC_ROOT_CLASS = YES_ERROR;
				CLANG_WARN_QUOTED_INCLUDE_IN_FRAMEWORK_HEADER = YES;
				CLANG_WARN_RANGE_LOOP_ANALYSIS = YES;
				CLANG_WARN_STRICT_PROTOTYPES = YES;
				CLANG_WARN_SUSPICIOUS_MOVE = YES;
				CLANG_WARN_UNGUARDED_AVAILABILITY = YES_AGGRESSIVE;
				CLANG_WARN_UNREACHABLE_CODE = YES;
				CLANG_WARN__DUPLICATE_METHOD_MATCH = YES;
				COPY_PHASE_STRIP = NO;
				DEBUG_INFORMATION_FORMAT = dwarf;
				ENABLE_STRICT_OBJC_MSGSEND = YES;
				ENABLE_TESTABILITY = YES;
				ENABLE_USER_SCRIPT_SANDBOXING = YES;
				GCC_C_LANGUAGE_STANDARD = gnu17;
				GCC_DYNAMIC_NO_PIC = NO;
				GCC_NO_COMMON_BLOCKS = YES;
				GCC_OPTIMIZATION_LEVEL = 0;
				GCC_PREPROCESSOR_DEFINITIONS = (
					"DEBUG=1",
					"$(inherited)",
				);
				GCC_WARN_64_TO_32_BIT_CONVERSION = YES;
				GCC_WARN_ABOUT_RETURN_TYPE = YES_ERROR;
				GCC_WARN_UNDECLARED_SELECTOR = YES;
				GCC_WARN_UNINITIALIZED_AUTOS = YES_AGGRESSIVE;
				GCC_WARN_UNUSED_FUNCTION = YES;
				GCC_WARN_UNUSED_VARIABLE = YES;
				IPHONEOS_DEPLOYMENT_TARGET = 17.5;
				LOCALIZATION_PREFERS_STRING_CATALOGS = YES;
				MTL_ENABLE_DEBUG_INFO = INCLUDE_SOURCE;
				MTL_FAST_MATH = YES;
				ONLY_ACTIVE_ARCH = YES;
				SDKROOT = iphoneos;
				SWIFT_ACTIVE_COMPILATION_CONDITIONS = "DEBUG $(inherited)";
				SWIFT_OPTIMIZATION_LEVEL = "-Onone";
			};
			name = Debug;
		};
		3D7525462C8A907B003CFC83 /* Release */ = {
			isa = XCBuildConfiguration;
			buildSettings = {
				ALWAYS_SEARCH_USER_PATHS = NO;
				ASSETCATALOG_COMPILER_GENERATE_SWIFT_ASSET_SYMBOL_EXTENSIONS = YES;
				CLANG_ANALYZER_NONNULL = YES;
				CLANG_ANALYZER_NUMBER_OBJECT_CONVERSION = YES_AGGRESSIVE;
				CLANG_CXX_LANGUAGE_STANDARD = "gnu++20";
				CLANG_ENABLE_MODULES = YES;
				CLANG_ENABLE_OBJC_ARC = YES;
				CLANG_ENABLE_OBJC_WEAK = YES;
				CLANG_WARN_BLOCK_CAPTURE_AUTORELEASING = YES;
				CLANG_WARN_BOOL_CONVERSION = YES;
				CLANG_WARN_COMMA = YES;
				CLANG_WARN_CONSTANT_CONVERSION = YES;
				CLANG_WARN_DEPRECATED_OBJC_IMPLEMENTATIONS = YES;
				CLANG_WARN_DIRECT_OBJC_ISA_USAGE = YES_ERROR;
				CLANG_WARN_DOCUMENTATION_COMMENTS = YES;
				CLANG_WARN_EMPTY_BODY = YES;
				CLANG_WARN_ENUM_CONVERSION = YES;
				CLANG_WARN_INFINITE_RECURSION = YES;
				CLANG_WARN_INT_CONVERSION = YES;
				CLANG_WARN_NON_LITERAL_NULL_CONVERSION = YES;
				CLANG_WARN_OBJC_IMPLICIT_RETAIN_SELF = YES;
				CLANG_WARN_OBJC_LITERAL_CONVERSION = YES;
				CLANG_WARN_OBJC_ROOT_CLASS = YES_ERROR;
				CLANG_WARN_QUOTED_INCLUDE_IN_FRAMEWORK_HEADER = YES;
				CLANG_WARN_RANGE_LOOP_ANALYSIS = YES;
				CLANG_WARN_STRICT_PROTOTYPES = YES;
				CLANG_WARN_SUSPICIOUS_MOVE = YES;
				CLANG_WARN_UNGUARDED_AVAILABILITY = YES_AGGRESSIVE;
				CLANG_WARN_UNREACHABLE_CODE = YES;
				CLANG_WARN__DUPLICATE_METHOD_MATCH = YES;
				COPY_PHASE_STRIP = NO;
				DEBUG_INFORMATION_FORMAT = "dwarf-with-dsym";
				ENABLE_NS_ASSERTIONS = NO;
				ENABLE_STRICT_OBJC_MSGSEND = YES;
				ENABLE_USER_SCRIPT_SANDBOXING = YES;
				GCC_C_LANGUAGE_STANDARD = gnu17;
				GCC_NO_COMMON_BLOCKS = YES;
				GCC_WARN_64_TO_32_BIT_CONVERSION = YES;
				GCC_WARN_ABOUT_RETURN_TYPE = YES_ERROR;
				GCC_WARN_UNDECLARED_SELECTOR = YES;
				GCC_WARN_UNINITIALIZED_AUTOS = YES_AGGRESSIVE;
				GCC_WARN_UNUSED_FUNCTION = YES;
				GCC_WARN_UNUSED_VARIABLE = YES;
				IPHONEOS_DEPLOYMENT_TARGET = 17.5;
				LOCALIZATION_PREFERS_STRING_CATALOGS = YES;
				MTL_ENABLE_DEBUG_INFO = NO;
				MTL_FAST_MATH = YES;
				SDKROOT = iphoneos;
				SWIFT_COMPILATION_MODE = wholemodule;
				VALIDATE_PRODUCT = YES;
			};
			name = Release;
		};
		3D7525482C8A907B003CFC83 /* Debug */ = {
			isa = XCBuildConfiguration;
			buildSettings = {
				ASSETCATALOG_COMPILER_APPICON_NAME = AppIcon;
				ASSETCATALOG_COMPILER_GLOBAL_ACCENT_COLOR_NAME = AccentColor;
				CODE_SIGN_STYLE = Automatic;
				CURRENT_PROJECT_VERSION = 1;
				DEVELOPMENT_TEAM = 2596SYY23Y;
				GENERATE_INFOPLIST_FILE = YES;
				INFOPLIST_FILE = GitFollowers/Info.plist;
				INFOPLIST_KEY_UIApplicationSupportsIndirectInputEvents = YES;
				INFOPLIST_KEY_UILaunchStoryboardName = LaunchScreen;
				INFOPLIST_KEY_UISupportedInterfaceOrientations = UIInterfaceOrientationPortrait;
				LD_RUNPATH_SEARCH_PATHS = (
					"$(inherited)",
					"@executable_path/Frameworks",
				);
				MARKETING_VERSION = 1.0;
				PRODUCT_BUNDLE_IDENTIFIER = gaston.developer.GitFollowers;
				PRODUCT_NAME = "$(TARGET_NAME)";
				SWIFT_EMIT_LOC_STRINGS = YES;
				SWIFT_VERSION = 5.0;
				TARGETED_DEVICE_FAMILY = "1,2";
			};
			name = Debug;
		};
		3D7525492C8A907B003CFC83 /* Release */ = {
			isa = XCBuildConfiguration;
			buildSettings = {
				ASSETCATALOG_COMPILER_APPICON_NAME = AppIcon;
				ASSETCATALOG_COMPILER_GLOBAL_ACCENT_COLOR_NAME = AccentColor;
				CODE_SIGN_STYLE = Automatic;
				CURRENT_PROJECT_VERSION = 1;
				DEVELOPMENT_TEAM = 2596SYY23Y;
				GENERATE_INFOPLIST_FILE = YES;
				INFOPLIST_FILE = GitFollowers/Info.plist;
				INFOPLIST_KEY_UIApplicationSupportsIndirectInputEvents = YES;
				INFOPLIST_KEY_UILaunchStoryboardName = LaunchScreen;
				INFOPLIST_KEY_UISupportedInterfaceOrientations = UIInterfaceOrientationPortrait;
				LD_RUNPATH_SEARCH_PATHS = (
					"$(inherited)",
					"@executable_path/Frameworks",
				);
				MARKETING_VERSION = 1.0;
				PRODUCT_BUNDLE_IDENTIFIER = gaston.developer.GitFollowers;
				PRODUCT_NAME = "$(TARGET_NAME)";
				SWIFT_EMIT_LOC_STRINGS = YES;
				SWIFT_VERSION = 5.0;
				TARGETED_DEVICE_FAMILY = "1,2";
			};
			name = Release;
		};
/* End XCBuildConfiguration section */

/* Begin XCConfigurationList section */
		3D75252E2C8A907A003CFC83 /* Build configuration list for PBXProject "GitFollowers" */ = {
			isa = XCConfigurationList;
			buildConfigurations = (
				3D7525452C8A907B003CFC83 /* Debug */,
				3D7525462C8A907B003CFC83 /* Release */,
			);
			defaultConfigurationIsVisible = 0;
			defaultConfigurationName = Release;
		};
		3D7525472C8A907B003CFC83 /* Build configuration list for PBXNativeTarget "GitFollowers" */ = {
			isa = XCConfigurationList;
			buildConfigurations = (
				3D7525482C8A907B003CFC83 /* Debug */,
				3D7525492C8A907B003CFC83 /* Release */,
			);
			defaultConfigurationIsVisible = 0;
			defaultConfigurationName = Release;
		};
/* End XCConfigurationList section */
	};
	rootObject = 3D75252B2C8A907A003CFC83 /* Project object */;
}
